
Microsoft Visual Studio Solution File, Format Version 11.00
# Visual Studio 2010
Project("{8BC9CEB8-8B4A-11D0-8D11-00A0C91BC942}") = "REPL", "REPL\REPL.vcxproj", "{1F6171A6-5DE5-49AA-B333-BB1F20EE9AED}"
EndProject
Global
	GlobalSection(SolutionConfigurationPlatforms) = preSolution
		Debug|Win32 = Debug|Win32
		Release|Win32 = Release|Win32
	EndGlobalSection
	GlobalSection(ProjectConfigurationPlatforms) = postSolution
		{1F6171A6-5DE5-49AA-B333-BB1F20EE9AED}.Debug|Win32.ActiveCfg = Debug|Win32
		{1F6171A6-5DE5-49AA-B333-BB1F20EE9AED}.Debug|Win32.Build.0 = Debug|Win32
		{1F6171A6-5DE5-49AA-B333-BB1F20EE9AED}.Release|Win32.ActiveCfg = Release|Win32
		{1F6171A6-5DE5-49AA-B333-BB1F20EE9AED}.Release|Win32.Build.0 = Release|Win32
	EndGlobalSection
	GlobalSection(SolutionProperties) = preSolution
		HideSolutionNode = FALSE
	EndGlobalSection
EndGlobal
